
Microsoft Visual Studio Solution File, Format Version 12.00
# Visual Studio Version 16
VisualStudioVersion = 16.0.32413.511
MinimumVisualStudioVersion = 10.0.40219.1
Project("{FAE04EC0-301F-11D3-BF4B-00C04F79EFBC}") = "Complur_Console", "Complur_Console\Complur_Console.csproj", "{49F33879-F08E-4B08-92CE-C50BE0F73FD7}"
EndProject
Global
	GlobalSection(SolutionConfigurationPlatforms) = preSolution
		Debug|Any CPU = Debug|Any CPU
		Release|Any CPU = Release|Any CPU
	EndGlobalSection
	GlobalSection(ProjectConfigurationPlatforms) = postSolution
		{49F33879-F08E-4B08-92CE-C50BE0F73FD7}.Debug|Any CPU.ActiveCfg = Debug|Any CPU
		{49F33879-F08E-4B08-92CE-C50BE0F73FD7}.Debug|Any CPU.Build.0 = Debug|Any CPU
		{49F33879-F08E-4B08-92CE-C50BE0F73FD7}.Release|Any CPU.ActiveCfg = Release|Any CPU
		{49F33879-F08E-4B08-92CE-C50BE0F73FD7}.Release|Any CPU.Build.0 = Release|Any CPU
	EndGlobalSection
	GlobalSection(SolutionProperties) = preSolution
		HideSolutionNode = FALSE
	EndGlobalSection
	GlobalSection(ExtensibilityGlobals) = postSolution
		SolutionGuid = {5088F648-C0D1-4EC9-A404-BDA43EB164E5}
	EndGlobalSection
EndGlobal
